// !$*UTF8*$!
{
	archiveVersion = 1;
	classes = {
	};
	objectVersion = 55;
	objects = {

/* Begin PBXBuildFile section */
		6258214F27B851F00098DF4B /* ios_todoapp_swiftuiApp.swift in Sources */ = {isa = PBXBuildFile; fileRef = 6258214E27B851F00098DF4B /* ios_todoapp_swiftuiApp.swift */; };
		6258215127B851F00098DF4B /* ContentView.swift in Sources */ = {isa = PBXBuildFile; fileRef = 6258215027B851F00098DF4B /* ContentView.swift */; };
		6258215327B851F20098DF4B /* Assets.xcassets in Resources */ = {isa = PBXBuildFile; fileRef = 6258215227B851F20098DF4B /* Assets.xcassets */; };
		6258215627B851F20098DF4B /* Preview Assets.xcassets in Resources */ = {isa = PBXBuildFile; fileRef = 6258215527B851F20098DF4B /* Preview Assets.xcassets */; };
		6258216027B852640098DF4B /* TodoListScreen.swift in Sources */ = {isa = PBXBuildFile; fileRef = 6258215F27B852640098DF4B /* TodoListScreen.swift */; };
		6258216227B8527F0098DF4B /* TodoListScreenViewModel.swift in Sources */ = {isa = PBXBuildFile; fileRef = 6258216127B8527F0098DF4B /* TodoListScreenViewModel.swift */; };
		6258216427B858CD0098DF4B /* TodoItem.swift in Sources */ = {isa = PBXBuildFile; fileRef = 6258216327B858CD0098DF4B /* TodoItem.swift */; };
		6258216927B90C2F0098DF4B /* SecondaryButtonStyle.swift in Sources */ = {isa = PBXBuildFile; fileRef = 6258216727B90C2F0098DF4B /* SecondaryButtonStyle.swift */; };
		6258216A27B90C2F0098DF4B /* PrimaryButtonStyle.swift in Sources */ = {isa = PBXBuildFile; fileRef = 6258216827B90C2F0098DF4B /* PrimaryButtonStyle.swift */; };
		6258216D27B90D460098DF4B /* Button+IsLoading.swift in Sources */ = {isa = PBXBuildFile; fileRef = 6258216C27B90D460098DF4B /* Button+IsLoading.swift */; };
		6258216F27B90DE30098DF4B /* swiftgen-colors.yml in Resources */ = {isa = PBXBuildFile; fileRef = 6258216E27B90DE30098DF4B /* swiftgen-colors.yml */; };
		6258217127B90E650098DF4B /* Colors.xcassets in Resources */ = {isa = PBXBuildFile; fileRef = 6258217027B90E650098DF4B /* Colors.xcassets */; };
		6258217327B910B10098DF4B /* swiftui-colors.stencil in Sources */ = {isa = PBXBuildFile; fileRef = 6258217227B910B10098DF4B /* swiftui-colors.stencil */; };
		6258217727B9126D0098DF4B /* Colors.swift in Sources */ = {isa = PBXBuildFile; fileRef = 6258217627B9126D0098DF4B /* Colors.swift */; };
		6258217927B9185B0098DF4B /* TodoItemCell.swift in Sources */ = {isa = PBXBuildFile; fileRef = 6258217827B9185B0098DF4B /* TodoItemCell.swift */; };
		62C8017527B952E700DD3E60 /* todoapp-network in Frameworks */ = {isa = PBXBuildFile; productRef = 62C8017427B952E700DD3E60 /* todoapp-network */; };
		62C8017827B9539400DD3E60 /* Swinject in Frameworks */ = {isa = PBXBuildFile; productRef = 62C8017727B9539400DD3E60 /* Swinject */; };
		62C8017A27B9539400DD3E60 /* Swinject-Dynamic in Frameworks */ = {isa = PBXBuildFile; productRef = 62C8017927B9539400DD3E60 /* Swinject-Dynamic */; };
		62C8017D27B953C500DD3E60 /* DependencyProvider.swift in Sources */ = {isa = PBXBuildFile; fileRef = 62C8017C27B953C500DD3E60 /* DependencyProvider.swift */; };
		62C8017F27B953E800DD3E60 /* Config.swift in Sources */ = {isa = PBXBuildFile; fileRef = 62C8017E27B953E800DD3E60 /* Config.swift */; };
		62C8018127B9553400DD3E60 /* Swinject+Injected.swift in Sources */ = {isa = PBXBuildFile; fileRef = 62C8018027B9553400DD3E60 /* Swinject+Injected.swift */; };
		C06A6DC3C17BA94858EA4874 /* Pods_ios_todoapp_swiftui.framework in Frameworks */ = {isa = PBXBuildFile; fileRef = F43440272414CDA148FFB3D2 /* Pods_ios_todoapp_swiftui.framework */; };
/* End PBXBuildFile section */

/* Begin PBXFileReference section */
		4D33711E7863852DA6AF9198 /* Pods-ios-todoapp-swiftui.release.xcconfig */ = {isa = PBXFileReference; includeInIndex = 1; lastKnownFileType = text.xcconfig; name = "Pods-ios-todoapp-swiftui.release.xcconfig"; path = "Target Support Files/Pods-ios-todoapp-swiftui/Pods-ios-todoapp-swiftui.release.xcconfig"; sourceTree = "<group>"; };
		6258214B27B851F00098DF4B /* ios-todoapp-swiftui.app */ = {isa = PBXFileReference; explicitFileType = wrapper.application; includeInIndex = 0; path = "ios-todoapp-swiftui.app"; sourceTree = BUILT_PRODUCTS_DIR; };
		6258214E27B851F00098DF4B /* ios_todoapp_swiftuiApp.swift */ = {isa = PBXFileReference; lastKnownFileType = sourcecode.swift; path = ios_todoapp_swiftuiApp.swift; sourceTree = "<group>"; };
		6258215027B851F00098DF4B /* ContentView.swift */ = {isa = PBXFileReference; lastKnownFileType = sourcecode.swift; path = ContentView.swift; sourceTree = "<group>"; };
		6258215227B851F20098DF4B /* Assets.xcassets */ = {isa = PBXFileReference; lastKnownFileType = folder.assetcatalog; path = Assets.xcassets; sourceTree = "<group>"; };
		6258215527B851F20098DF4B /* Preview Assets.xcassets */ = {isa = PBXFileReference; lastKnownFileType = folder.assetcatalog; path = "Preview Assets.xcassets"; sourceTree = "<group>"; };
		6258215F27B852640098DF4B /* TodoListScreen.swift */ = {isa = PBXFileReference; lastKnownFileType = sourcecode.swift; path = TodoListScreen.swift; sourceTree = "<group>"; };
		6258216127B8527F0098DF4B /* TodoListScreenViewModel.swift */ = {isa = PBXFileReference; lastKnownFileType = sourcecode.swift; path = TodoListScreenViewModel.swift; sourceTree = "<group>"; };
		6258216327B858CD0098DF4B /* TodoItem.swift */ = {isa = PBXFileReference; lastKnownFileType = sourcecode.swift; path = TodoItem.swift; sourceTree = "<group>"; };
		6258216727B90C2F0098DF4B /* SecondaryButtonStyle.swift */ = {isa = PBXFileReference; fileEncoding = 4; lastKnownFileType = sourcecode.swift; path = SecondaryButtonStyle.swift; sourceTree = "<group>"; };
		6258216827B90C2F0098DF4B /* PrimaryButtonStyle.swift */ = {isa = PBXFileReference; fileEncoding = 4; lastKnownFileType = sourcecode.swift; path = PrimaryButtonStyle.swift; sourceTree = "<group>"; };
		6258216C27B90D460098DF4B /* Button+IsLoading.swift */ = {isa = PBXFileReference; lastKnownFileType = sourcecode.swift; path = "Button+IsLoading.swift"; sourceTree = "<group>"; };
		6258216E27B90DE30098DF4B /* swiftgen-colors.yml */ = {isa = PBXFileReference; lastKnownFileType = text.yaml; path = "swiftgen-colors.yml"; sourceTree = "<group>"; };
		6258217027B90E650098DF4B /* Colors.xcassets */ = {isa = PBXFileReference; lastKnownFileType = folder.assetcatalog; path = Colors.xcassets; sourceTree = "<group>"; };
		6258217227B910B10098DF4B /* swiftui-colors.stencil */ = {isa = PBXFileReference; lastKnownFileType = text; path = "swiftui-colors.stencil"; sourceTree = "<group>"; };
		6258217627B9126D0098DF4B /* Colors.swift */ = {isa = PBXFileReference; fileEncoding = 4; lastKnownFileType = sourcecode.swift; path = Colors.swift; sourceTree = "<group>"; };
		6258217827B9185B0098DF4B /* TodoItemCell.swift */ = {isa = PBXFileReference; lastKnownFileType = sourcecode.swift; path = TodoItemCell.swift; sourceTree = "<group>"; };
		62C8017127B94F0600DD3E60 /* Debug.xcconfig */ = {isa = PBXFileReference; lastKnownFileType = text.xcconfig; path = Debug.xcconfig; sourceTree = "<group>"; };
		62C8017227B951C200DD3E60 /* Info.plist */ = {isa = PBXFileReference; lastKnownFileType = text.plist; path = Info.plist; sourceTree = "<group>"; };
		62C8017C27B953C500DD3E60 /* DependencyProvider.swift */ = {isa = PBXFileReference; lastKnownFileType = sourcecode.swift; path = DependencyProvider.swift; sourceTree = "<group>"; };
		62C8017E27B953E800DD3E60 /* Config.swift */ = {isa = PBXFileReference; lastKnownFileType = sourcecode.swift; path = Config.swift; sourceTree = "<group>"; };
		62C8018027B9553400DD3E60 /* Swinject+Injected.swift */ = {isa = PBXFileReference; lastKnownFileType = sourcecode.swift; path = "Swinject+Injected.swift"; sourceTree = "<group>"; };
		91D82DFAEB39FD6890963E04 /* Pods-ios-todoapp-swiftui.debug.xcconfig */ = {isa = PBXFileReference; includeInIndex = 1; lastKnownFileType = text.xcconfig; name = "Pods-ios-todoapp-swiftui.debug.xcconfig"; path = "Target Support Files/Pods-ios-todoapp-swiftui/Pods-ios-todoapp-swiftui.debug.xcconfig"; sourceTree = "<group>"; };
		F43440272414CDA148FFB3D2 /* Pods_ios_todoapp_swiftui.framework */ = {isa = PBXFileReference; explicitFileType = wrapper.framework; includeInIndex = 0; path = Pods_ios_todoapp_swiftui.framework; sourceTree = BUILT_PRODUCTS_DIR; };
/* End PBXFileReference section */

/* Begin PBXFrameworksBuildPhase section */
		6258214827B851F00098DF4B /* Frameworks */ = {
			isa = PBXFrameworksBuildPhase;
			buildActionMask = 2147483647;
			files = (
				C06A6DC3C17BA94858EA4874 /* Pods_ios_todoapp_swiftui.framework in Frameworks */,
				62C8017A27B9539400DD3E60 /* Swinject-Dynamic in Frameworks */,
				62C8017527B952E700DD3E60 /* todoapp-network in Frameworks */,
				62C8017827B9539400DD3E60 /* Swinject in Frameworks */,
			);
			runOnlyForDeploymentPostprocessing = 0;
		};
/* End PBXFrameworksBuildPhase section */

/* Begin PBXGroup section */
		6258214227B851F00098DF4B = {
			isa = PBXGroup;
			children = (
				6258216E27B90DE30098DF4B /* swiftgen-colors.yml */,
				6258217227B910B10098DF4B /* swiftui-colors.stencil */,
				6258214D27B851F00098DF4B /* ios-todoapp-swiftui */,
				6258214C27B851F00098DF4B /* Products */,
				9E86D5DBB41E4A388908D3CC /* Pods */,
				BDF2F0D434D03F531E635ECA /* Frameworks */,
			);
			sourceTree = "<group>";
		};
		6258214C27B851F00098DF4B /* Products */ = {
			isa = PBXGroup;
			children = (
				6258214B27B851F00098DF4B /* ios-todoapp-swiftui.app */,
			);
			name = Products;
			sourceTree = "<group>";
		};
		6258214D27B851F00098DF4B /* ios-todoapp-swiftui */ = {
			isa = PBXGroup;
			children = (
				62C8017227B951C200DD3E60 /* Info.plist */,
				6258214E27B851F00098DF4B /* ios_todoapp_swiftuiApp.swift */,
				6258215C27B852020098DF4B /* Features */,
				6258216527B90C040098DF4B /* CustomUIElements */,
				6258216B27B90D110098DF4B /* Extensions */,
				62C8017B27B953AD00DD3E60 /* DI */,
				62C8017027B94EBF00DD3E60 /* Configurations */,
				6258217427B911190098DF4B /* Generated */,
				6258215027B851F00098DF4B /* ContentView.swift */,
				6258215227B851F20098DF4B /* Assets.xcassets */,
				6258217027B90E650098DF4B /* Colors.xcassets */,
				6258215427B851F20098DF4B /* Preview Content */,
			);
			path = "ios-todoapp-swiftui";
			sourceTree = "<group>";
		};
		6258215427B851F20098DF4B /* Preview Content */ = {
			isa = PBXGroup;
			children = (
				6258215527B851F20098DF4B /* Preview Assets.xcassets */,
			);
			path = "Preview Content";
			sourceTree = "<group>";
		};
		6258215C27B852020098DF4B /* Features */ = {
			isa = PBXGroup;
			children = (
				6258215D27B852240098DF4B /* TodoList */,
				6258215E27B852480098DF4B /* TodoDetails */,
			);
			path = Features;
			sourceTree = "<group>";
		};
		6258215D27B852240098DF4B /* TodoList */ = {
			isa = PBXGroup;
			children = (
				6258215F27B852640098DF4B /* TodoListScreen.swift */,
				6258216127B8527F0098DF4B /* TodoListScreenViewModel.swift */,
				6258217827B9185B0098DF4B /* TodoItemCell.swift */,
				6258216327B858CD0098DF4B /* TodoItem.swift */,
			);
			path = TodoList;
			sourceTree = "<group>";
		};
		6258215E27B852480098DF4B /* TodoDetails */ = {
			isa = PBXGroup;
			children = (
			);
			path = TodoDetails;
			sourceTree = "<group>";
		};
		6258216527B90C040098DF4B /* CustomUIElements */ = {
			isa = PBXGroup;
			children = (
				6258216627B90C170098DF4B /* ButtonStyles */,
			);
			path = CustomUIElements;
			sourceTree = "<group>";
		};
		6258216627B90C170098DF4B /* ButtonStyles */ = {
			isa = PBXGroup;
			children = (
				6258216827B90C2F0098DF4B /* PrimaryButtonStyle.swift */,
				6258216727B90C2F0098DF4B /* SecondaryButtonStyle.swift */,
			);
			path = ButtonStyles;
			sourceTree = "<group>";
		};
		6258216B27B90D110098DF4B /* Extensions */ = {
			isa = PBXGroup;
			children = (
				6258216C27B90D460098DF4B /* Button+IsLoading.swift */,
			);
			path = Extensions;
			sourceTree = "<group>";
		};
		6258217427B911190098DF4B /* Generated */ = {
			isa = PBXGroup;
			children = (
				6258217627B9126D0098DF4B /* Colors.swift */,
			);
			path = Generated;
			sourceTree = "<group>";
		};
		62C8017027B94EBF00DD3E60 /* Configurations */ = {
			isa = PBXGroup;
			children = (
				62C8017E27B953E800DD3E60 /* Config.swift */,
				62C8017127B94F0600DD3E60 /* Debug.xcconfig */,
			);
			path = Configurations;
			sourceTree = "<group>";
		};
		62C8017B27B953AD00DD3E60 /* DI */ = {
			isa = PBXGroup;
			children = (
				62C8017C27B953C500DD3E60 /* DependencyProvider.swift */,
				62C8018027B9553400DD3E60 /* Swinject+Injected.swift */,
			);
			path = DI;
			sourceTree = "<group>";
		};
		9E86D5DBB41E4A388908D3CC /* Pods */ = {
			isa = PBXGroup;
			children = (
				91D82DFAEB39FD6890963E04 /* Pods-ios-todoapp-swiftui.debug.xcconfig */,
				4D33711E7863852DA6AF9198 /* Pods-ios-todoapp-swiftui.release.xcconfig */,
			);
			path = Pods;
			sourceTree = "<group>";
		};
		BDF2F0D434D03F531E635ECA /* Frameworks */ = {
			isa = PBXGroup;
			children = (
				F43440272414CDA148FFB3D2 /* Pods_ios_todoapp_swiftui.framework */,
			);
			name = Frameworks;
			sourceTree = "<group>";
		};
/* End PBXGroup section */

/* Begin PBXNativeTarget section */
		6258214A27B851F00098DF4B /* ios-todoapp-swiftui */ = {
			isa = PBXNativeTarget;
			buildConfigurationList = 6258215927B851F20098DF4B /* Build configuration list for PBXNativeTarget "ios-todoapp-swiftui" */;
			buildPhases = (
				D9C1696324737AC59F877DC7 /* [CP] Check Pods Manifest.lock */,
				6258217527B911900098DF4B /* SwiftGen Colors */,
				6258214727B851F00098DF4B /* Sources */,
				6258214827B851F00098DF4B /* Frameworks */,
				6258214927B851F00098DF4B /* Resources */,
			);
			buildRules = (
			);
			dependencies = (
			);
			name = "ios-todoapp-swiftui";
			packageProductDependencies = (
				62C8017427B952E700DD3E60 /* todoapp-network */,
				62C8017727B9539400DD3E60 /* Swinject */,
				62C8017927B9539400DD3E60 /* Swinject-Dynamic */,
			);
			productName = "ios-todoapp-swiftui";
			productReference = 6258214B27B851F00098DF4B /* ios-todoapp-swiftui.app */;
			productType = "com.apple.product-type.application";
		};
/* End PBXNativeTarget section */

/* Begin PBXProject section */
		6258214327B851F00098DF4B /* Project object */ = {
			isa = PBXProject;
			attributes = {
				BuildIndependentTargetsInParallel = 1;
				LastSwiftUpdateCheck = 1320;
				LastUpgradeCheck = 1320;
				TargetAttributes = {
					6258214A27B851F00098DF4B = {
						CreatedOnToolsVersion = 13.2;
					};
				};
			};
			buildConfigurationList = 6258214627B851F00098DF4B /* Build configuration list for PBXProject "ios-todoapp-swiftui" */;
			compatibilityVersion = "Xcode 13.0";
			developmentRegion = en;
			hasScannedForEncodings = 0;
			knownRegions = (
				en,
				Base,
			);
			mainGroup = 6258214227B851F00098DF4B;
			packageReferences = (
				62C8017327B952E700DD3E60 /* XCRemoteSwiftPackageReference "todoapp-network" */,
				62C8017627B9539400DD3E60 /* XCRemoteSwiftPackageReference "Swinject" */,
			);
			productRefGroup = 6258214C27B851F00098DF4B /* Products */;
			projectDirPath = "";
			projectRoot = "";
			targets = (
				6258214A27B851F00098DF4B /* ios-todoapp-swiftui */,
			);
		};
/* End PBXProject section */

/* Begin PBXResourcesBuildPhase section */
		6258214927B851F00098DF4B /* Resources */ = {
			isa = PBXResourcesBuildPhase;
			buildActionMask = 2147483647;
			files = (
				6258215627B851F20098DF4B /* Preview Assets.xcassets in Resources */,
				6258217127B90E650098DF4B /* Colors.xcassets in Resources */,
				6258215327B851F20098DF4B /* Assets.xcassets in Resources */,
				6258216F27B90DE30098DF4B /* swiftgen-colors.yml in Resources */,
			);
			runOnlyForDeploymentPostprocessing = 0;
		};
/* End PBXResourcesBuildPhase section */

/* Begin PBXShellScriptBuildPhase section */
		6258217527B911900098DF4B /* SwiftGen Colors */ = {
			isa = PBXShellScriptBuildPhase;
			buildActionMask = 2147483647;
			files = (
			);
			inputFileListPaths = (
			);
			inputPaths = (
			);
			name = "SwiftGen Colors";
			outputFileListPaths = (
			);
			outputPaths = (
			);
			runOnlyForDeploymentPostprocessing = 0;
			shellPath = /bin/sh;
			shellScript = "if [[ -f \"${PODS_ROOT}/SwiftGen/bin/swiftgen\" ]]; then\n  \"${PODS_ROOT}/SwiftGen/bin/swiftgen\" config run --config $SRCROOT/swiftgen-colors.yml\nelse\n  echo \"warning: SwiftGen is not installed. Run 'pod install --repo-update' to install it.\"\nfi\n\n";
		};
		D9C1696324737AC59F877DC7 /* [CP] Check Pods Manifest.lock */ = {
			isa = PBXShellScriptBuildPhase;
			buildActionMask = 2147483647;
			files = (
			);
			inputFileListPaths = (
			);
			inputPaths = (
				"${PODS_PODFILE_DIR_PATH}/Podfile.lock",
				"${PODS_ROOT}/Manifest.lock",
			);
			name = "[CP] Check Pods Manifest.lock";
			outputFileListPaths = (
			);
			outputPaths = (
				"$(DERIVED_FILE_DIR)/Pods-ios-todoapp-swiftui-checkManifestLockResult.txt",
			);
			runOnlyForDeploymentPostprocessing = 0;
			shellPath = /bin/sh;
			shellScript = "diff \"${PODS_PODFILE_DIR_PATH}/Podfile.lock\" \"${PODS_ROOT}/Manifest.lock\" > /dev/null\nif [ $? != 0 ] ; then\n    # print error to STDERR\n    echo \"error: The sandbox is not in sync with the Podfile.lock. Run 'pod install' or update your CocoaPods installation.\" >&2\n    exit 1\nfi\n# This output is used by Xcode 'outputs' to avoid re-running this script phase.\necho \"SUCCESS\" > \"${SCRIPT_OUTPUT_FILE_0}\"\n";
			showEnvVarsInLog = 0;
		};
/* End PBXShellScriptBuildPhase section */

/* Begin PBXSourcesBuildPhase section */
		6258214727B851F00098DF4B /* Sources */ = {
			isa = PBXSourcesBuildPhase;
			buildActionMask = 2147483647;
			files = (
				62C8018127B9553400DD3E60 /* Swinject+Injected.swift in Sources */,
				6258217927B9185B0098DF4B /* TodoItemCell.swift in Sources */,
				6258217327B910B10098DF4B /* swiftui-colors.stencil in Sources */,
				6258217727B9126D0098DF4B /* Colors.swift in Sources */,
				6258216A27B90C2F0098DF4B /* PrimaryButtonStyle.swift in Sources */,
				6258216427B858CD0098DF4B /* TodoItem.swift in Sources */,
				6258216D27B90D460098DF4B /* Button+IsLoading.swift in Sources */,
				62C8017F27B953E800DD3E60 /* Config.swift in Sources */,
				6258216027B852640098DF4B /* TodoListScreen.swift in Sources */,
				6258215127B851F00098DF4B /* ContentView.swift in Sources */,
				6258216227B8527F0098DF4B /* TodoListScreenViewModel.swift in Sources */,
				62C8017D27B953C500DD3E60 /* DependencyProvider.swift in Sources */,
				6258216927B90C2F0098DF4B /* SecondaryButtonStyle.swift in Sources */,
				6258214F27B851F00098DF4B /* ios_todoapp_swiftuiApp.swift in Sources */,
			);
			runOnlyForDeploymentPostprocessing = 0;
		};
/* End PBXSourcesBuildPhase section */

/* Begin XCBuildConfiguration section */
		6258215727B851F20098DF4B /* Debug */ = {
			isa = XCBuildConfiguration;
			baseConfigurationReference = 62C8017127B94F0600DD3E60 /* Debug.xcconfig */;
			buildSettings = {
				ALWAYS_SEARCH_USER_PATHS = NO;
				CLANG_ANALYZER_NONNULL = YES;
				CLANG_ANALYZER_NUMBER_OBJECT_CONVERSION = YES_AGGRESSIVE;
				CLANG_CXX_LANGUAGE_STANDARD = "gnu++17";
				CLANG_CXX_LIBRARY = "libc++";
				CLANG_ENABLE_MODULES = YES;
				CLANG_ENABLE_OBJC_ARC = YES;
				CLANG_ENABLE_OBJC_WEAK = YES;
				CLANG_WARN_BLOCK_CAPTURE_AUTORELEASING = YES;
				CLANG_WARN_BOOL_CONVERSION = YES;
				CLANG_WARN_COMMA = YES;
				CLANG_WARN_CONSTANT_CONVERSION = YES;
				CLANG_WARN_DEPRECATED_OBJC_IMPLEMENTATIONS = YES;
				CLANG_WARN_DIRECT_OBJC_ISA_USAGE = YES_ERROR;
				CLANG_WARN_DOCUMENTATION_COMMENTS = YES;
				CLANG_WARN_EMPTY_BODY = YES;
				CLANG_WARN_ENUM_CONVERSION = YES;
				CLANG_WARN_INFINITE_RECURSION = YES;
				CLANG_WARN_INT_CONVERSION = YES;
				CLANG_WARN_NON_LITERAL_NULL_CONVERSION = YES;
				CLANG_WARN_OBJC_IMPLICIT_RETAIN_SELF = YES;
				CLANG_WARN_OBJC_LITERAL_CONVERSION = YES;
				CLANG_WARN_OBJC_ROOT_CLASS = YES_ERROR;
				CLANG_WARN_QUOTED_INCLUDE_IN_FRAMEWORK_HEADER = YES;
				CLANG_WARN_RANGE_LOOP_ANALYSIS = YES;
				CLANG_WARN_STRICT_PROTOTYPES = YES;
				CLANG_WARN_SUSPICIOUS_MOVE = YES;
				CLANG_WARN_UNGUARDED_AVAILABILITY = YES_AGGRESSIVE;
				CLANG_WARN_UNREACHABLE_CODE = YES;
				CLANG_WARN__DUPLICATE_METHOD_MATCH = YES;
				COPY_PHASE_STRIP = NO;
				DEBUG_INFORMATION_FORMAT = dwarf;
				ENABLE_STRICT_OBJC_MSGSEND = YES;
				ENABLE_TESTABILITY = YES;
				GCC_C_LANGUAGE_STANDARD = gnu11;
				GCC_DYNAMIC_NO_PIC = NO;
				GCC_NO_COMMON_BLOCKS = YES;
				GCC_OPTIMIZATION_LEVEL = 0;
				GCC_PREPROCESSOR_DEFINITIONS = (
					"DEBUG=1",
					"$(inherited)",
				);
				GCC_WARN_64_TO_32_BIT_CONVERSION = YES;
				GCC_WARN_ABOUT_RETURN_TYPE = YES_ERROR;
				GCC_WARN_UNDECLARED_SELECTOR = YES;
				GCC_WARN_UNINITIALIZED_AUTOS = YES_AGGRESSIVE;
				GCC_WARN_UNUSED_FUNCTION = YES;
				GCC_WARN_UNUSED_VARIABLE = YES;
				IPHONEOS_DEPLOYMENT_TARGET = 15.2;
				MTL_ENABLE_DEBUG_INFO = INCLUDE_SOURCE;
				MTL_FAST_MATH = YES;
				ONLY_ACTIVE_ARCH = YES;
				SDKROOT = iphoneos;
				SWIFT_ACTIVE_COMPILATION_CONDITIONS = DEBUG;
				SWIFT_OPTIMIZATION_LEVEL = "-Onone";
			};
			name = Debug;
		};
		6258215827B851F20098DF4B /* Release */ = {
			isa = XCBuildConfiguration;
			buildSettings = {
				ALWAYS_SEARCH_USER_PATHS = NO;
				CLANG_ANALYZER_NONNULL = YES;
				CLANG_ANALYZER_NUMBER_OBJECT_CONVERSION = YES_AGGRESSIVE;
				CLANG_CXX_LANGUAGE_STANDARD = "gnu++17";
				CLANG_CXX_LIBRARY = "libc++";
				CLANG_ENABLE_MODULES = YES;
				CLANG_ENABLE_OBJC_ARC = YES;
				CLANG_ENABLE_OBJC_WEAK = YES;
				CLANG_WARN_BLOCK_CAPTURE_AUTORELEASING = YES;
				CLANG_WARN_BOOL_CONVERSION = YES;
				CLANG_WARN_COMMA = YES;
				CLANG_WARN_CONSTANT_CONVERSION = YES;
				CLANG_WARN_DEPRECATED_OBJC_IMPLEMENTATIONS = YES;
				CLANG_WARN_DIRECT_OBJC_ISA_USAGE = YES_ERROR;
				CLANG_WARN_DOCUMENTATION_COMMENTS = YES;
				CLANG_WARN_EMPTY_BODY = YES;
				CLANG_WARN_ENUM_CONVERSION = YES;
				CLANG_WARN_INFINITE_RECURSION = YES;
				CLANG_WARN_INT_CONVERSION = YES;
				CLANG_WARN_NON_LITERAL_NULL_CONVERSION = YES;
				CLANG_WARN_OBJC_IMPLICIT_RETAIN_SELF = YES;
				CLANG_WARN_OBJC_LITERAL_CONVERSION = YES;
				CLANG_WARN_OBJC_ROOT_CLASS = YES_ERROR;
				CLANG_WARN_QUOTED_INCLUDE_IN_FRAMEWORK_HEADER = YES;
				CLANG_WARN_RANGE_LOOP_ANALYSIS = YES;
				CLANG_WARN_STRICT_PROTOTYPES = YES;
				CLANG_WARN_SUSPICIOUS_MOVE = YES;
				CLANG_WARN_UNGUARDED_AVAILABILITY = YES_AGGRESSIVE;
				CLANG_WARN_UNREACHABLE_CODE = YES;
				CLANG_WARN__DUPLICATE_METHOD_MATCH = YES;
				COPY_PHASE_STRIP = NO;
				DEBUG_INFORMATION_FORMAT = "dwarf-with-dsym";
				ENABLE_NS_ASSERTIONS = NO;
				ENABLE_STRICT_OBJC_MSGSEND = YES;
				GCC_C_LANGUAGE_STANDARD = gnu11;
				GCC_NO_COMMON_BLOCKS = YES;
				GCC_WARN_64_TO_32_BIT_CONVERSION = YES;
				GCC_WARN_ABOUT_RETURN_TYPE = YES_ERROR;
				GCC_WARN_UNDECLARED_SELECTOR = YES;
				GCC_WARN_UNINITIALIZED_AUTOS = YES_AGGRESSIVE;
				GCC_WARN_UNUSED_FUNCTION = YES;
				GCC_WARN_UNUSED_VARIABLE = YES;
				IPHONEOS_DEPLOYMENT_TARGET = 15.2;
				MTL_ENABLE_DEBUG_INFO = NO;
				MTL_FAST_MATH = YES;
				SDKROOT = iphoneos;
				SWIFT_COMPILATION_MODE = wholemodule;
				SWIFT_OPTIMIZATION_LEVEL = "-O";
				VALIDATE_PRODUCT = YES;
			};
			name = Release;
		};
		6258215A27B851F20098DF4B /* Debug */ = {
			isa = XCBuildConfiguration;
			baseConfigurationReference = 91D82DFAEB39FD6890963E04 /* Pods-ios-todoapp-swiftui.debug.xcconfig */;
			buildSettings = {
				ASSETCATALOG_COMPILER_APPICON_NAME = AppIcon;
				ASSETCATALOG_COMPILER_GLOBAL_ACCENT_COLOR_NAME = AccentColor;
				CODE_SIGN_STYLE = Automatic;
				CURRENT_PROJECT_VERSION = 1;
				DEVELOPMENT_ASSET_PATHS = "\"ios-todoapp-swiftui/Preview Content\"";
				DEVELOPMENT_TEAM = QT666FZ6Y2;
				ENABLE_PREVIEWS = YES;
				GENERATE_INFOPLIST_FILE = YES;
				INFOPLIST_FILE = "ios-todoapp-swiftui/Info.plist";
				INFOPLIST_KEY_UIApplicationSceneManifest_Generation = YES;
				INFOPLIST_KEY_UIApplicationSupportsIndirectInputEvents = YES;
				INFOPLIST_KEY_UILaunchScreen_Generation = YES;
				INFOPLIST_KEY_UISupportedInterfaceOrientations_iPad = "UIInterfaceOrientationPortrait UIInterfaceOrientationPortraitUpsideDown UIInterfaceOrientationLandscapeLeft UIInterfaceOrientationLandscapeRight";
				INFOPLIST_KEY_UISupportedInterfaceOrientations_iPhone = "UIInterfaceOrientationPortrait UIInterfaceOrientationLandscapeLeft UIInterfaceOrientationLandscapeRight";
				LD_RUNPATH_SEARCH_PATHS = (
					"$(inherited)",
					"@executable_path/Frameworks",
				);
				MARKETING_VERSION = 1.0;
				PRODUCT_BUNDLE_IDENTIFIER = "com.gaboreszenyi.ios-todoapp-swiftui";
				PRODUCT_NAME = "$(TARGET_NAME)";
				SWIFT_EMIT_LOC_STRINGS = YES;
				SWIFT_VERSION = 5.0;
				TARGETED_DEVICE_FAMILY = "1,2";
			};
			name = Debug;
		};
		6258215B27B851F20098DF4B /* Release */ = {
			isa = XCBuildConfiguration;
			baseConfigurationReference = 4D33711E7863852DA6AF9198 /* Pods-ios-todoapp-swiftui.release.xcconfig */;
			buildSettings = {
				ASSETCATALOG_COMPILER_APPICON_NAME = AppIcon;
				ASSETCATALOG_COMPILER_GLOBAL_ACCENT_COLOR_NAME = AccentColor;
				CODE_SIGN_STYLE = Automatic;
				CURRENT_PROJECT_VERSION = 1;
				DEVELOPMENT_ASSET_PATHS = "\"ios-todoapp-swiftui/Preview Content\"";
				DEVELOPMENT_TEAM = QT666FZ6Y2;
				ENABLE_PREVIEWS = YES;
				GENERATE_INFOPLIST_FILE = YES;
				INFOPLIST_FILE = "ios-todoapp-swiftui/Info.plist";
				INFOPLIST_KEY_UIApplicationSceneManifest_Generation = YES;
				INFOPLIST_KEY_UIApplicationSupportsIndirectInputEvents = YES;
				INFOPLIST_KEY_UILaunchScreen_Generation = YES;
				INFOPLIST_KEY_UISupportedInterfaceOrientations_iPad = "UIInterfaceOrientationPortrait UIInterfaceOrientationPortraitUpsideDown UIInterfaceOrientationLandscapeLeft UIInterfaceOrientationLandscapeRight";
				INFOPLIST_KEY_UISupportedInterfaceOrientations_iPhone = "UIInterfaceOrientationPortrait UIInterfaceOrientationLandscapeLeft UIInterfaceOrientationLandscapeRight";
				LD_RUNPATH_SEARCH_PATHS = (
					"$(inherited)",
					"@executable_path/Frameworks",
				);
				MARKETING_VERSION = 1.0;
				PRODUCT_BUNDLE_IDENTIFIER = "com.gaboreszenyi.ios-todoapp-swiftui";
				PRODUCT_NAME = "$(TARGET_NAME)";
				SWIFT_EMIT_LOC_STRINGS = YES;
				SWIFT_VERSION = 5.0;
				TARGETED_DEVICE_FAMILY = "1,2";
			};
			name = Release;
		};
/* End XCBuildConfiguration section */

/* Begin XCConfigurationList section */
		6258214627B851F00098DF4B /* Build configuration list for PBXProject "ios-todoapp-swiftui" */ = {
			isa = XCConfigurationList;
			buildConfigurations = (
				6258215727B851F20098DF4B /* Debug */,
				6258215827B851F20098DF4B /* Release */,
			);
			defaultConfigurationIsVisible = 0;
			defaultConfigurationName = Release;
		};
		6258215927B851F20098DF4B /* Build configuration list for PBXNativeTarget "ios-todoapp-swiftui" */ = {
			isa = XCConfigurationList;
			buildConfigurations = (
				6258215A27B851F20098DF4B /* Debug */,
				6258215B27B851F20098DF4B /* Release */,
			);
			defaultConfigurationIsVisible = 0;
			defaultConfigurationName = Release;
		};
/* End XCConfigurationList section */

/* Begin XCRemoteSwiftPackageReference section */
		62C8017327B952E700DD3E60 /* XCRemoteSwiftPackageReference "todoapp-network" */ = {
			isa = XCRemoteSwiftPackageReference;
			repositoryURL = "https://github.com/egabor/todoapp-network";
			requirement = {
				kind = exactVersion;
				version = 0.0.1;
			};
		};
		62C8017627B9539400DD3E60 /* XCRemoteSwiftPackageReference "Swinject" */ = {
			isa = XCRemoteSwiftPackageReference;
			repositoryURL = "https://github.com/Swinject/Swinject.git";
			requirement = {
				kind = exactVersion;
				version = 2.8.1;
			};
		};
/* End XCRemoteSwiftPackageReference section */

/* Begin XCSwiftPackageProductDependency section */
		62C8017427B952E700DD3E60 /* todoapp-network */ = {
			isa = XCSwiftPackageProductDependency;
			package = 62C8017327B952E700DD3E60 /* XCRemoteSwiftPackageReference "todoapp-network" */;
			productName = "todoapp-network";
		};
		62C8017727B9539400DD3E60 /* Swinject */ = {
			isa = XCSwiftPackageProductDependency;
			package = 62C8017627B9539400DD3E60 /* XCRemoteSwiftPackageReference "Swinject" */;
			productName = Swinject;
		};
		62C8017927B9539400DD3E60 /* Swinject-Dynamic */ = {
			isa = XCSwiftPackageProductDependency;
			package = 62C8017627B9539400DD3E60 /* XCRemoteSwiftPackageReference "Swinject" */;
			productName = "Swinject-Dynamic";
		};
/* End XCSwiftPackageProductDependency section */
	};
	rootObject = 6258214327B851F00098DF4B /* Project object */;
}
